
Microsoft Visual Studio Solution File, Format Version 12.00
# Visual Studio Version 16
VisualStudioVersion = 16.0.30804.86
MinimumVisualStudioVersion = 10.0.40219.1
Project("{FAE04EC0-301F-11D3-BF4B-00C04F79EFBC}") = "rekensommen voor basisschool", "rekensommen voor basisschool\rekensommen voor basisschool.csproj", "{A963E36B-819C-42F7-BB9A-D5790D6A20B0}"
EndProject
Global
	GlobalSection(SolutionConfigurationPlatforms) = preSolution
		Debug|Any CPU = Debug|Any CPU
		Release|Any CPU = Release|Any CPU
	EndGlobalSection
	GlobalSection(ProjectConfigurationPlatforms) = postSolution
		{A963E36B-819C-42F7-BB9A-D5790D6A20B0}.Debug|Any CPU.ActiveCfg = Debug|Any CPU
		{A963E36B-819C-42F7-BB9A-D5790D6A20B0}.Debug|Any CPU.Build.0 = Debug|Any CPU
		{A963E36B-819C-42F7-BB9A-D5790D6A20B0}.Release|Any CPU.ActiveCfg = Release|Any CPU
		{A963E36B-819C-42F7-BB9A-D5790D6A20B0}.Release|Any CPU.Build.0 = Release|Any CPU
	EndGlobalSection
	GlobalSection(SolutionProperties) = preSolution
		HideSolutionNode = FALSE
	EndGlobalSection
	GlobalSection(ExtensibilityGlobals) = postSolution
		SolutionGuid = {CC26ACA9-5287-444B-82A4-6D367576852C}
	EndGlobalSection
EndGlobal
